
Microsoft Visual Studio Solution File, Format Version 12.00
# Visual Studio Version 17
VisualStudioVersion = 17.6.33801.468
MinimumVisualStudioVersion = 10.0.40219.1
Project("{FAE04EC0-301F-11D3-BF4B-00C04F79EFBC}") = "Practica5U2", "Practica5U2\Practica5U2.csproj", "{ECB1CB4D-0ACA-48BE-BECC-2900AB81151B}"
EndProject
Global
	GlobalSection(SolutionConfigurationPlatforms) = preSolution
		Debug|Any CPU = Debug|Any CPU
		Release|Any CPU = Release|Any CPU
	EndGlobalSection
	GlobalSection(ProjectConfigurationPlatforms) = postSolution
		{ECB1CB4D-0ACA-48BE-BECC-2900AB81151B}.Debug|Any CPU.ActiveCfg = Debug|Any CPU
		{ECB1CB4D-0ACA-48BE-BECC-2900AB81151B}.Debug|Any CPU.Build.0 = Debug|Any CPU
		{ECB1CB4D-0ACA-48BE-BECC-2900AB81151B}.Release|Any CPU.ActiveCfg = Release|Any CPU
		{ECB1CB4D-0ACA-48BE-BECC-2900AB81151B}.Release|Any CPU.Build.0 = Release|Any CPU
	EndGlobalSection
	GlobalSection(SolutionProperties) = preSolution
		HideSolutionNode = FALSE
	EndGlobalSection
	GlobalSection(ExtensibilityGlobals) = postSolution
		SolutionGuid = {4582036A-E302-45FB-90A8-CE64BBD649F5}
	EndGlobalSection
EndGlobal
